
Microsoft Visual Studio Solution File, Format Version 12.00
# Visual Studio Version 17
VisualStudioVersion = 17.0.31903.59
MinimumVisualStudioVersion = 10.0.40219.1
Project("{FAE04EC0-301F-11D3-BF4B-00C04F79EFBC}") = "ConsoleApp1", "ConsoleApp1\ConsoleApp1.csproj", "{D0699277-1833-4B32-AF2A-FA21BEF954D6}"
EndProject
Project("{FAE04EC0-301F-11D3-BF4B-00C04F79EFBC}") = "CSVDemo", "CSVDemo\CSVDemo.csproj", "{18F82C97-2B09-46E6-AAF8-CCA7F989BBAC}"
EndProject
Project("{FAE04EC0-301F-11D3-BF4B-00C04F79EFBC}") = "ContactsJson", "ContactsJson\ContactsJson.csproj", "{581DFD9B-5C7B-4B5D-B440-0A8B867AB636}"
EndProject
Global
	GlobalSection(SolutionConfigurationPlatforms) = preSolution
		Debug|Any CPU = Debug|Any CPU
		Debug|x64 = Debug|x64
		Debug|x86 = Debug|x86
		Release|Any CPU = Release|Any CPU
		Release|x64 = Release|x64
		Release|x86 = Release|x86
	EndGlobalSection
	GlobalSection(ProjectConfigurationPlatforms) = postSolution
		{D0699277-1833-4B32-AF2A-FA21BEF954D6}.Debug|Any CPU.ActiveCfg = Debug|Any CPU
		{D0699277-1833-4B32-AF2A-FA21BEF954D6}.Debug|Any CPU.Build.0 = Debug|Any CPU
		{D0699277-1833-4B32-AF2A-FA21BEF954D6}.Debug|x64.ActiveCfg = Debug|Any CPU
		{D0699277-1833-4B32-AF2A-FA21BEF954D6}.Debug|x64.Build.0 = Debug|Any CPU
		{D0699277-1833-4B32-AF2A-FA21BEF954D6}.Debug|x86.ActiveCfg = Debug|Any CPU
		{D0699277-1833-4B32-AF2A-FA21BEF954D6}.Debug|x86.Build.0 = Debug|Any CPU
		{D0699277-1833-4B32-AF2A-FA21BEF954D6}.Release|Any CPU.ActiveCfg = Release|Any CPU
		{D0699277-1833-4B32-AF2A-FA21BEF954D6}.Release|Any CPU.Build.0 = Release|Any CPU
		{D0699277-1833-4B32-AF2A-FA21BEF954D6}.Release|x64.ActiveCfg = Release|Any CPU
		{D0699277-1833-4B32-AF2A-FA21BEF954D6}.Release|x64.Build.0 = Release|Any CPU
		{D0699277-1833-4B32-AF2A-FA21BEF954D6}.Release|x86.ActiveCfg = Release|Any CPU
		{D0699277-1833-4B32-AF2A-FA21BEF954D6}.Release|x86.Build.0 = Release|Any CPU
		{18F82C97-2B09-46E6-AAF8-CCA7F989BBAC}.Debug|Any CPU.ActiveCfg = Debug|Any CPU
		{18F82C97-2B09-46E6-AAF8-CCA7F989BBAC}.Debug|Any CPU.Build.0 = Debug|Any CPU
		{18F82C97-2B09-46E6-AAF8-CCA7F989BBAC}.Debug|x64.ActiveCfg = Debug|Any CPU
		{18F82C97-2B09-46E6-AAF8-CCA7F989BBAC}.Debug|x64.Build.0 = Debug|Any CPU
		{18F82C97-2B09-46E6-AAF8-CCA7F989BBAC}.Debug|x86.ActiveCfg = Debug|Any CPU
		{18F82C97-2B09-46E6-AAF8-CCA7F989BBAC}.Debug|x86.Build.0 = Debug|Any CPU
		{18F82C97-2B09-46E6-AAF8-CCA7F989BBAC}.Release|Any CPU.ActiveCfg = Release|Any CPU
		{18F82C97-2B09-46E6-AAF8-CCA7F989BBAC}.Release|Any CPU.Build.0 = Release|Any CPU
		{18F82C97-2B09-46E6-AAF8-CCA7F989BBAC}.Release|x64.ActiveCfg = Release|Any CPU
		{18F82C97-2B09-46E6-AAF8-CCA7F989BBAC}.Release|x64.Build.0 = Release|Any CPU
		{18F82C97-2B09-46E6-AAF8-CCA7F989BBAC}.Release|x86.ActiveCfg = Release|Any CPU
		{18F82C97-2B09-46E6-AAF8-CCA7F989BBAC}.Release|x86.Build.0 = Release|Any CPU
		{581DFD9B-5C7B-4B5D-B440-0A8B867AB636}.Debug|Any CPU.ActiveCfg = Debug|Any CPU
		{581DFD9B-5C7B-4B5D-B440-0A8B867AB636}.Debug|Any CPU.Build.0 = Debug|Any CPU
		{581DFD9B-5C7B-4B5D-B440-0A8B867AB636}.Debug|x64.ActiveCfg = Debug|Any CPU
		{581DFD9B-5C7B-4B5D-B440-0A8B867AB636}.Debug|x64.Build.0 = Debug|Any CPU
		{581DFD9B-5C7B-4B5D-B440-0A8B867AB636}.Debug|x86.ActiveCfg = Debug|Any CPU
		{581DFD9B-5C7B-4B5D-B440-0A8B867AB636}.Debug|x86.Build.0 = Debug|Any CPU
		{581DFD9B-5C7B-4B5D-B440-0A8B867AB636}.Release|Any CPU.ActiveCfg = Release|Any CPU
		{581DFD9B-5C7B-4B5D-B440-0A8B867AB636}.Release|Any CPU.Build.0 = Release|Any CPU
		{581DFD9B-5C7B-4B5D-B440-0A8B867AB636}.Release|x64.ActiveCfg = Release|Any CPU
		{581DFD9B-5C7B-4B5D-B440-0A8B867AB636}.Release|x64.Build.0 = Release|Any CPU
		{581DFD9B-5C7B-4B5D-B440-0A8B867AB636}.Release|x86.ActiveCfg = Release|Any CPU
		{581DFD9B-5C7B-4B5D-B440-0A8B867AB636}.Release|x86.Build.0 = Release|Any CPU
	EndGlobalSection
	GlobalSection(SolutionProperties) = preSolution
		HideSolutionNode = FALSE
	EndGlobalSection
EndGlobal
