
Microsoft Visual Studio Solution File, Format Version 12.00
# Visual Studio Version 17
VisualStudioVersion = 17.0.31903.59
MinimumVisualStudioVersion = 10.0.40219.1
Project("{FAE04EC0-301F-11D3-BF4B-00C04F79EFBC}") = "ConsoleApp1", "ConsoleApp1\ConsoleApp1.csproj", "{0D34BF30-4424-4FD2-8378-F762D132319D}"
EndProject
Project("{FAE04EC0-301F-11D3-BF4B-00C04F79EFBC}") = "ConsoleApp Hello", "ConsoleApp Hello\ConsoleApp Hello.csproj", "{08D773C1-727E-44DA-B8E6-71B4A2567C22}"
EndProject
Project("{FAE04EC0-301F-11D3-BF4B-00C04F79EFBC}") = "David", "David\David.csproj", "{369572F4-E572-4A4A-912D-660F5A0F7146}"
EndProject
Global
	GlobalSection(SolutionConfigurationPlatforms) = preSolution
		Debug|Any CPU = Debug|Any CPU
		Debug|x64 = Debug|x64
		Debug|x86 = Debug|x86
		Release|Any CPU = Release|Any CPU
		Release|x64 = Release|x64
		Release|x86 = Release|x86
	EndGlobalSection
	GlobalSection(ProjectConfigurationPlatforms) = postSolution
		{0D34BF30-4424-4FD2-8378-F762D132319D}.Debug|Any CPU.ActiveCfg = Debug|Any CPU
		{0D34BF30-4424-4FD2-8378-F762D132319D}.Debug|Any CPU.Build.0 = Debug|Any CPU
		{0D34BF30-4424-4FD2-8378-F762D132319D}.Debug|x64.ActiveCfg = Debug|Any CPU
		{0D34BF30-4424-4FD2-8378-F762D132319D}.Debug|x64.Build.0 = Debug|Any CPU
		{0D34BF30-4424-4FD2-8378-F762D132319D}.Debug|x86.ActiveCfg = Debug|Any CPU
		{0D34BF30-4424-4FD2-8378-F762D132319D}.Debug|x86.Build.0 = Debug|Any CPU
		{0D34BF30-4424-4FD2-8378-F762D132319D}.Release|Any CPU.ActiveCfg = Release|Any CPU
		{0D34BF30-4424-4FD2-8378-F762D132319D}.Release|Any CPU.Build.0 = Release|Any CPU
		{0D34BF30-4424-4FD2-8378-F762D132319D}.Release|x64.ActiveCfg = Release|Any CPU
		{0D34BF30-4424-4FD2-8378-F762D132319D}.Release|x64.Build.0 = Release|Any CPU
		{0D34BF30-4424-4FD2-8378-F762D132319D}.Release|x86.ActiveCfg = Release|Any CPU
		{0D34BF30-4424-4FD2-8378-F762D132319D}.Release|x86.Build.0 = Release|Any CPU
		{08D773C1-727E-44DA-B8E6-71B4A2567C22}.Debug|Any CPU.ActiveCfg = Debug|Any CPU
		{08D773C1-727E-44DA-B8E6-71B4A2567C22}.Debug|Any CPU.Build.0 = Debug|Any CPU
		{08D773C1-727E-44DA-B8E6-71B4A2567C22}.Debug|x64.ActiveCfg = Debug|Any CPU
		{08D773C1-727E-44DA-B8E6-71B4A2567C22}.Debug|x64.Build.0 = Debug|Any CPU
		{08D773C1-727E-44DA-B8E6-71B4A2567C22}.Debug|x86.ActiveCfg = Debug|Any CPU
		{08D773C1-727E-44DA-B8E6-71B4A2567C22}.Debug|x86.Build.0 = Debug|Any CPU
		{08D773C1-727E-44DA-B8E6-71B4A2567C22}.Release|Any CPU.ActiveCfg = Release|Any CPU
		{08D773C1-727E-44DA-B8E6-71B4A2567C22}.Release|Any CPU.Build.0 = Release|Any CPU
		{08D773C1-727E-44DA-B8E6-71B4A2567C22}.Release|x64.ActiveCfg = Release|Any CPU
		{08D773C1-727E-44DA-B8E6-71B4A2567C22}.Release|x64.Build.0 = Release|Any CPU
		{08D773C1-727E-44DA-B8E6-71B4A2567C22}.Release|x86.ActiveCfg = Release|Any CPU
		{08D773C1-727E-44DA-B8E6-71B4A2567C22}.Release|x86.Build.0 = Release|Any CPU
		{369572F4-E572-4A4A-912D-660F5A0F7146}.Debug|Any CPU.ActiveCfg = Debug|Any CPU
		{369572F4-E572-4A4A-912D-660F5A0F7146}.Debug|Any CPU.Build.0 = Debug|Any CPU
		{369572F4-E572-4A4A-912D-660F5A0F7146}.Debug|x64.ActiveCfg = Debug|Any CPU
		{369572F4-E572-4A4A-912D-660F5A0F7146}.Debug|x64.Build.0 = Debug|Any CPU
		{369572F4-E572-4A4A-912D-660F5A0F7146}.Debug|x86.ActiveCfg = Debug|Any CPU
		{369572F4-E572-4A4A-912D-660F5A0F7146}.Debug|x86.Build.0 = Debug|Any CPU
		{369572F4-E572-4A4A-912D-660F5A0F7146}.Release|Any CPU.ActiveCfg = Release|Any CPU
		{369572F4-E572-4A4A-912D-660F5A0F7146}.Release|Any CPU.Build.0 = Release|Any CPU
		{369572F4-E572-4A4A-912D-660F5A0F7146}.Release|x64.ActiveCfg = Release|Any CPU
		{369572F4-E572-4A4A-912D-660F5A0F7146}.Release|x64.Build.0 = Release|Any CPU
		{369572F4-E572-4A4A-912D-660F5A0F7146}.Release|x86.ActiveCfg = Release|Any CPU
		{369572F4-E572-4A4A-912D-660F5A0F7146}.Release|x86.Build.0 = Release|Any CPU
	EndGlobalSection
	GlobalSection(SolutionProperties) = preSolution
		HideSolutionNode = FALSE
	EndGlobalSection
EndGlobal
